
Microsoft Visual Studio Solution File, Format Version 12.00
Project("{FAE04EC0-301F-11D3-BF4B-00C04F79EFBC}") = "ScriptTest", "ScriptTest\ScriptTest.csproj", "{43AA79FA-4943-4FA0-8322-E59444C9F776}"
EndProject
Global
	GlobalSection(SolutionConfigurationPlatforms) = preSolution
		Debug|Any CPU = Debug|Any CPU
		Release|Any CPU = Release|Any CPU
	EndGlobalSection
	GlobalSection(ProjectConfigurationPlatforms) = postSolution
		{43AA79FA-4943-4FA0-8322-E59444C9F776}.Debug|Any CPU.ActiveCfg = Debug|Any CPU
		{43AA79FA-4943-4FA0-8322-E59444C9F776}.Debug|Any CPU.Build.0 = Debug|Any CPU
		{43AA79FA-4943-4FA0-8322-E59444C9F776}.Release|Any CPU.ActiveCfg = Release|Any CPU
		{43AA79FA-4943-4FA0-8322-E59444C9F776}.Release|Any CPU.Build.0 = Release|Any CPU
	EndGlobalSection
EndGlobal
