
Microsoft Visual Studio Solution File, Format Version 12.00
Project("{FAE04EC0-301F-11D3-BF4B-00C04F79EFBC}") = "ScriptTest", "ScriptTest\ScriptTest.csproj", "{43AA79FA-4943-4FA0-8322-E59444C9F776}"
EndProject
Project("{FAE04EC0-301F-11D3-BF4B-00C04F79EFBC}") = "Core", "Core\Core.csproj", "{630BDB85-D5FE-4492-BD37-4A48E65B6E0E}"
EndProject
Project("{FAE04EC0-301F-11D3-BF4B-00C04F79EFBC}") = "Model", "Model\Model.csproj", "{5D40D5CC-545D-443B-BB8A-12426A7A5A19}"
EndProject
Global
	GlobalSection(SolutionConfigurationPlatforms) = preSolution
		Debug|Any CPU = Debug|Any CPU
		Release|Any CPU = Release|Any CPU
	EndGlobalSection
	GlobalSection(ProjectConfigurationPlatforms) = postSolution
		{43AA79FA-4943-4FA0-8322-E59444C9F776}.Debug|Any CPU.ActiveCfg = Debug|Any CPU
		{43AA79FA-4943-4FA0-8322-E59444C9F776}.Debug|Any CPU.Build.0 = Debug|Any CPU
		{43AA79FA-4943-4FA0-8322-E59444C9F776}.Release|Any CPU.ActiveCfg = Release|Any CPU
		{43AA79FA-4943-4FA0-8322-E59444C9F776}.Release|Any CPU.Build.0 = Release|Any CPU
		{630BDB85-D5FE-4492-BD37-4A48E65B6E0E}.Debug|Any CPU.ActiveCfg = Debug|Any CPU
		{630BDB85-D5FE-4492-BD37-4A48E65B6E0E}.Debug|Any CPU.Build.0 = Debug|Any CPU
		{630BDB85-D5FE-4492-BD37-4A48E65B6E0E}.Release|Any CPU.ActiveCfg = Release|Any CPU
		{630BDB85-D5FE-4492-BD37-4A48E65B6E0E}.Release|Any CPU.Build.0 = Release|Any CPU
		{5D40D5CC-545D-443B-BB8A-12426A7A5A19}.Debug|Any CPU.ActiveCfg = Debug|Any CPU
		{5D40D5CC-545D-443B-BB8A-12426A7A5A19}.Debug|Any CPU.Build.0 = Debug|Any CPU
		{5D40D5CC-545D-443B-BB8A-12426A7A5A19}.Release|Any CPU.ActiveCfg = Release|Any CPU
		{5D40D5CC-545D-443B-BB8A-12426A7A5A19}.Release|Any CPU.Build.0 = Release|Any CPU
	EndGlobalSection
EndGlobal
